// !$*UTF8*$!
{
	archiveVersion = 1;
	classes = {
	};
	objectVersion = 50;
	objects = {

/* Begin PBXBuildFile section */
		CD4388A48412664A33BCC675 /* Pods_CuddleDispatch.framework in Frameworks */ = {isa = PBXBuildFile; fileRef = 77037DBFB9D318FEF4EDC0B0 /* Pods_CuddleDispatch.framework */; };
		D5042F6F20D0621B007F0A5D /* Main.storyboard in Resources */ = {isa = PBXBuildFile; fileRef = D5042F6B20D0621A007F0A5D /* Main.storyboard */; };
		D5042F7020D0621B007F0A5D /* LaunchScreen.storyboard in Resources */ = {isa = PBXBuildFile; fileRef = D5042F6D20D0621B007F0A5D /* LaunchScreen.storyboard */; };
		D5042F7220D0878A007F0A5D /* CDNavigationController.swift in Sources */ = {isa = PBXBuildFile; fileRef = D5042F7120D0878A007F0A5D /* CDNavigationController.swift */; };
		D5042F7920D09AC6007F0A5D /* CDRequestsViewController.swift in Sources */ = {isa = PBXBuildFile; fileRef = D5042F7720D09AC5007F0A5D /* CDRequestsViewController.swift */; };
		D5042F7A20D09AC6007F0A5D /* CDAddEditRequestViewController.swift in Sources */ = {isa = PBXBuildFile; fileRef = D5042F7820D09AC5007F0A5D /* CDAddEditRequestViewController.swift */; };
		D533E7CA20D437BE0018F321 /* CDRequestTableViewCell.swift in Sources */ = {isa = PBXBuildFile; fileRef = D533E7C920D437BE0018F321 /* CDRequestTableViewCell.swift */; };
		D533E7CC20D720AD0018F321 /* String+ISO8601Date.swift in Sources */ = {isa = PBXBuildFile; fileRef = D533E7CB20D720AD0018F321 /* String+ISO8601Date.swift */; };
		D533E7CE20D8077E0018F321 /* DataSnapshot+ValueDict.swift in Sources */ = {isa = PBXBuildFile; fileRef = D533E7CD20D8077E0018F321 /* DataSnapshot+ValueDict.swift */; };
		D533E7D020D82E720018F321 /* RequestStore.swift in Sources */ = {isa = PBXBuildFile; fileRef = D533E7CF20D82E720018F321 /* RequestStore.swift */; };
		D5435DFE20DB1D60005E0B06 /* XibView.swift in Sources */ = {isa = PBXBuildFile; fileRef = D5435DFD20DB1D60005E0B06 /* XibView.swift */; };
		D5435E0420DB6A7B005E0B06 /* Calendar+NextTime.swift in Sources */ = {isa = PBXBuildFile; fileRef = D5435E0320DB6A7B005E0B06 /* Calendar+NextTime.swift */; };
		D5435E0C20DB7124005E0B06 /* CuddleDispatchTests.swift in Sources */ = {isa = PBXBuildFile; fileRef = D5435E0B20DB7124005E0B06 /* CuddleDispatchTests.swift */; };
		D5435E1520DB7272005E0B06 /* Calendar+NextTime.swift in Sources */ = {isa = PBXBuildFile; fileRef = D5435E0320DB6A7B005E0B06 /* Calendar+NextTime.swift */; };
		D5435E1720DC2BEF005E0B06 /* CDGroupHeaderTableViewCell.swift in Sources */ = {isa = PBXBuildFile; fileRef = D5435E1620DC2BEF005E0B06 /* CDGroupHeaderTableViewCell.swift */; };
		D570773220DAB0AD008872E5 /* StatusView.swift in Sources */ = {isa = PBXBuildFile; fileRef = D570773120DAB0AD008872E5 /* StatusView.swift */; };
		D571742E20D33541004590C2 /* SegmentedControl+SelectedTitle.swift in Sources */ = {isa = PBXBuildFile; fileRef = D571742D20D33541004590C2 /* SegmentedControl+SelectedTitle.swift */; };
		D581B13520DACAFD00BE16E2 /* StatusView.xib in Resources */ = {isa = PBXBuildFile; fileRef = D581B13220DAC38C00BE16E2 /* StatusView.xib */; };
		D58AB3D720DDCCC000A48296 /* Assets.xcassets in Resources */ = {isa = PBXBuildFile; fileRef = D58AB3D620DDCCC000A48296 /* Assets.xcassets */; };
		D5C7089B20D03E56001FD1C1 /* AppDelegate.swift in Sources */ = {isa = PBXBuildFile; fileRef = D5C7089A20D03E56001FD1C1 /* AppDelegate.swift */; };
		D5C708AF20D046D4001FD1C1 /* GoogleService-Info.plist in Resources */ = {isa = PBXBuildFile; fileRef = D5C708AE20D046D4001FD1C1 /* GoogleService-Info.plist */; };
		D5C708B420D0553F001FD1C1 /* UIViewController+Alerts.m in Sources */ = {isa = PBXBuildFile; fileRef = D5C708B320D0553F001FD1C1 /* UIViewController+Alerts.m */; };
		D5C708B620D05569001FD1C1 /* SignInViewController.swift in Sources */ = {isa = PBXBuildFile; fileRef = D5C708B520D05569001FD1C1 /* SignInViewController.swift */; };
		D5F242B520D1CDB10023071B /* Constants.swift in Sources */ = {isa = PBXBuildFile; fileRef = D5F242B420D1CDB10023071B /* Constants.swift */; };
		D5F242B820D1D7520023071B /* Request.swift in Sources */ = {isa = PBXBuildFile; fileRef = D5F242B720D1D7520023071B /* Request.swift */; };
/* End PBXBuildFile section */

/* Begin PBXContainerItemProxy section */
		D5435E0E20DB7124005E0B06 /* PBXContainerItemProxy */ = {
			isa = PBXContainerItemProxy;
			containerPortal = D5C7088F20D03E56001FD1C1 /* Project object */;
			proxyType = 1;
			remoteGlobalIDString = D5C7089620D03E56001FD1C1;
			remoteInfo = CuddleDispatch;
		};
/* End PBXContainerItemProxy section */

/* Begin PBXFileReference section */
		3B532F7E00115AA2C03B3C3C /* Pods-CuddleDispatch.release.xcconfig */ = {isa = PBXFileReference; includeInIndex = 1; lastKnownFileType = text.xcconfig; name = "Pods-CuddleDispatch.release.xcconfig"; path = "Pods/Target Support Files/Pods-CuddleDispatch/Pods-CuddleDispatch.release.xcconfig"; sourceTree = "<group>"; };
		4465331DA3122A4569A67A70 /* Pods-CuddleDispatch.debug.xcconfig */ = {isa = PBXFileReference; includeInIndex = 1; lastKnownFileType = text.xcconfig; name = "Pods-CuddleDispatch.debug.xcconfig"; path = "Pods/Target Support Files/Pods-CuddleDispatch/Pods-CuddleDispatch.debug.xcconfig"; sourceTree = "<group>"; };
		77037DBFB9D318FEF4EDC0B0 /* Pods_CuddleDispatch.framework */ = {isa = PBXFileReference; explicitFileType = wrapper.framework; includeInIndex = 0; path = Pods_CuddleDispatch.framework; sourceTree = BUILT_PRODUCTS_DIR; };
		D5042F6C20D0621A007F0A5D /* Base */ = {isa = PBXFileReference; lastKnownFileType = file.storyboard; name = Base; path = Base.lproj/Main.storyboard; sourceTree = "<group>"; };
		D5042F6E20D0621B007F0A5D /* Base */ = {isa = PBXFileReference; lastKnownFileType = file.storyboard; name = Base; path = Base.lproj/LaunchScreen.storyboard; sourceTree = "<group>"; };
		D5042F7120D0878A007F0A5D /* CDNavigationController.swift */ = {isa = PBXFileReference; lastKnownFileType = sourcecode.swift; path = CDNavigationController.swift; sourceTree = "<group>"; };
		D5042F7720D09AC5007F0A5D /* CDRequestsViewController.swift */ = {isa = PBXFileReference; fileEncoding = 4; lastKnownFileType = sourcecode.swift; path = CDRequestsViewController.swift; sourceTree = "<group>"; };
		D5042F7820D09AC5007F0A5D /* CDAddEditRequestViewController.swift */ = {isa = PBXFileReference; fileEncoding = 4; lastKnownFileType = sourcecode.swift; path = CDAddEditRequestViewController.swift; sourceTree = "<group>"; };
		D533E7C920D437BE0018F321 /* CDRequestTableViewCell.swift */ = {isa = PBXFileReference; lastKnownFileType = sourcecode.swift; path = CDRequestTableViewCell.swift; sourceTree = "<group>"; };
		D533E7CB20D720AD0018F321 /* String+ISO8601Date.swift */ = {isa = PBXFileReference; lastKnownFileType = sourcecode.swift; path = "String+ISO8601Date.swift"; sourceTree = "<group>"; };
		D533E7CD20D8077E0018F321 /* DataSnapshot+ValueDict.swift */ = {isa = PBXFileReference; lastKnownFileType = sourcecode.swift; path = "DataSnapshot+ValueDict.swift"; sourceTree = "<group>"; };
		D533E7CF20D82E720018F321 /* RequestStore.swift */ = {isa = PBXFileReference; lastKnownFileType = sourcecode.swift; path = RequestStore.swift; sourceTree = "<group>"; };
		D5435DFB20DB06CA005E0B06 /* DevNotes */ = {isa = PBXFileReference; lastKnownFileType = text; path = DevNotes; sourceTree = "<group>"; };
		D5435DFD20DB1D60005E0B06 /* XibView.swift */ = {isa = PBXFileReference; lastKnownFileType = sourcecode.swift; path = XibView.swift; sourceTree = "<group>"; };
		D5435E0320DB6A7B005E0B06 /* Calendar+NextTime.swift */ = {isa = PBXFileReference; lastKnownFileType = sourcecode.swift; path = "Calendar+NextTime.swift"; sourceTree = "<group>"; };
		D5435E0920DB7124005E0B06 /* CuddleDispatchTests.xctest */ = {isa = PBXFileReference; explicitFileType = wrapper.cfbundle; includeInIndex = 0; path = CuddleDispatchTests.xctest; sourceTree = BUILT_PRODUCTS_DIR; };
		D5435E0B20DB7124005E0B06 /* CuddleDispatchTests.swift */ = {isa = PBXFileReference; lastKnownFileType = sourcecode.swift; path = CuddleDispatchTests.swift; sourceTree = "<group>"; };
		D5435E0D20DB7124005E0B06 /* Info.plist */ = {isa = PBXFileReference; lastKnownFileType = text.plist.xml; path = Info.plist; sourceTree = "<group>"; };
		D5435E1620DC2BEF005E0B06 /* CDGroupHeaderTableViewCell.swift */ = {isa = PBXFileReference; lastKnownFileType = sourcecode.swift; path = CDGroupHeaderTableViewCell.swift; sourceTree = "<group>"; };
		D570773120DAB0AD008872E5 /* StatusView.swift */ = {isa = PBXFileReference; lastKnownFileType = sourcecode.swift; path = StatusView.swift; sourceTree = "<group>"; };
		D571742D20D33541004590C2 /* SegmentedControl+SelectedTitle.swift */ = {isa = PBXFileReference; lastKnownFileType = sourcecode.swift; path = "SegmentedControl+SelectedTitle.swift"; sourceTree = "<group>"; };
		D581B13220DAC38C00BE16E2 /* StatusView.xib */ = {isa = PBXFileReference; lastKnownFileType = file.xib; path = StatusView.xib; sourceTree = "<group>"; };
		D58AB3D620DDCCC000A48296 /* Assets.xcassets */ = {isa = PBXFileReference; lastKnownFileType = folder.assetcatalog; path = Assets.xcassets; sourceTree = "<group>"; };
		D5C7089720D03E56001FD1C1 /* CuddleDispatch.app */ = {isa = PBXFileReference; explicitFileType = wrapper.application; includeInIndex = 0; path = CuddleDispatch.app; sourceTree = BUILT_PRODUCTS_DIR; };
		D5C7089A20D03E56001FD1C1 /* AppDelegate.swift */ = {isa = PBXFileReference; lastKnownFileType = sourcecode.swift; path = AppDelegate.swift; sourceTree = "<group>"; };
		D5C708A620D03E58001FD1C1 /* Info.plist */ = {isa = PBXFileReference; lastKnownFileType = text.plist.xml; path = Info.plist; sourceTree = "<group>"; };
		D5C708AE20D046D4001FD1C1 /* GoogleService-Info.plist */ = {isa = PBXFileReference; fileEncoding = 4; lastKnownFileType = text.plist.xml; path = "GoogleService-Info.plist"; sourceTree = "<group>"; };
		D5C708B120D0553D001FD1C1 /* CuddleDispatch-Bridging-Header.h */ = {isa = PBXFileReference; lastKnownFileType = sourcecode.c.h; path = "CuddleDispatch-Bridging-Header.h"; sourceTree = "<group>"; };
		D5C708B220D0553E001FD1C1 /* UIViewController+Alerts.h */ = {isa = PBXFileReference; fileEncoding = 4; lastKnownFileType = sourcecode.c.h; path = "UIViewController+Alerts.h"; sourceTree = "<group>"; };
		D5C708B320D0553F001FD1C1 /* UIViewController+Alerts.m */ = {isa = PBXFileReference; fileEncoding = 4; lastKnownFileType = sourcecode.c.objc; path = "UIViewController+Alerts.m"; sourceTree = "<group>"; };
		D5C708B520D05569001FD1C1 /* SignInViewController.swift */ = {isa = PBXFileReference; fileEncoding = 4; lastKnownFileType = sourcecode.swift; path = SignInViewController.swift; sourceTree = "<group>"; };
		D5F242B420D1CDB10023071B /* Constants.swift */ = {isa = PBXFileReference; lastKnownFileType = sourcecode.swift; path = Constants.swift; sourceTree = "<group>"; };
		D5F242B720D1D7520023071B /* Request.swift */ = {isa = PBXFileReference; lastKnownFileType = sourcecode.swift; path = Request.swift; sourceTree = "<group>"; };
/* End PBXFileReference section */

/* Begin PBXFrameworksBuildPhase section */
		D5435E0620DB7124005E0B06 /* Frameworks */ = {
			isa = PBXFrameworksBuildPhase;
			buildActionMask = 2147483647;
			files = (
			);
			runOnlyForDeploymentPostprocessing = 0;
		};
		D5C7089420D03E56001FD1C1 /* Frameworks */ = {
			isa = PBXFrameworksBuildPhase;
			buildActionMask = 2147483647;
			files = (
				CD4388A48412664A33BCC675 /* Pods_CuddleDispatch.framework in Frameworks */,
			);
			runOnlyForDeploymentPostprocessing = 0;
		};
/* End PBXFrameworksBuildPhase section */

/* Begin PBXGroup section */
		3D2A9900658C0AFA376C541C /* Pods */ = {
			isa = PBXGroup;
			children = (
				4465331DA3122A4569A67A70 /* Pods-CuddleDispatch.debug.xcconfig */,
				3B532F7E00115AA2C03B3C3C /* Pods-CuddleDispatch.release.xcconfig */,
			);
			name = Pods;
			sourceTree = "<group>";
		};
		D5435E0A20DB7124005E0B06 /* CuddleDispatchTests */ = {
			isa = PBXGroup;
			children = (
				D5435E0B20DB7124005E0B06 /* CuddleDispatchTests.swift */,
				D5435E0D20DB7124005E0B06 /* Info.plist */,
			);
			path = CuddleDispatchTests;
			sourceTree = "<group>";
		};
		D5C7088E20D03E56001FD1C1 = {
			isa = PBXGroup;
			children = (
				D5435DFB20DB06CA005E0B06 /* DevNotes */,
				D5C7089920D03E56001FD1C1 /* CuddleDispatch */,
				D5435E0A20DB7124005E0B06 /* CuddleDispatchTests */,
				D5C7089820D03E56001FD1C1 /* Products */,
				3D2A9900658C0AFA376C541C /* Pods */,
				F6AA6F42AE4BC375EE9783DE /* Frameworks */,
			);
			sourceTree = "<group>";
		};
		D5C7089820D03E56001FD1C1 /* Products */ = {
			isa = PBXGroup;
			children = (
				D5C7089720D03E56001FD1C1 /* CuddleDispatch.app */,
				D5435E0920DB7124005E0B06 /* CuddleDispatchTests.xctest */,
			);
			name = Products;
			sourceTree = "<group>";
		};
		D5C7089920D03E56001FD1C1 /* CuddleDispatch */ = {
			isa = PBXGroup;
			children = (
				D5C7089A20D03E56001FD1C1 /* AppDelegate.swift */,
				D5042F7120D0878A007F0A5D /* CDNavigationController.swift */,
				D5C708B520D05569001FD1C1 /* SignInViewController.swift */,
				D5042F7720D09AC5007F0A5D /* CDRequestsViewController.swift */,
				D5042F7820D09AC5007F0A5D /* CDAddEditRequestViewController.swift */,
				D533E7CB20D720AD0018F321 /* String+ISO8601Date.swift */,
				D5435E0320DB6A7B005E0B06 /* Calendar+NextTime.swift */,
				D5F242B420D1CDB10023071B /* Constants.swift */,
				D5C708B820D055C9001FD1C1 /* UI */,
				D5C708B720D055A5001FD1C1 /* Supporting Files */,
				D5F242B620D1D7320023071B /* Model */,
			);
			path = CuddleDispatch;
			sourceTree = "<group>";
		};
		D5C708B720D055A5001FD1C1 /* Supporting Files */ = {
			isa = PBXGroup;
			children = (
				D5C708AE20D046D4001FD1C1 /* GoogleService-Info.plist */,
				D5C708B120D0553D001FD1C1 /* CuddleDispatch-Bridging-Header.h */,
				D5C708A620D03E58001FD1C1 /* Info.plist */,
				D58AB3D620DDCCC000A48296 /* Assets.xcassets */,
			);
			name = "Supporting Files";
			path = CuddleDispatch;
			sourceTree = SOURCE_ROOT;
		};
		D5C708B820D055C9001FD1C1 /* UI */ = {
			isa = PBXGroup;
			children = (
				D5042F6D20D0621B007F0A5D /* LaunchScreen.storyboard */,
				D5042F6B20D0621A007F0A5D /* Main.storyboard */,
				D533E7C920D437BE0018F321 /* CDRequestTableViewCell.swift */,
				D5435E1620DC2BEF005E0B06 /* CDGroupHeaderTableViewCell.swift */,
				D571742D20D33541004590C2 /* SegmentedControl+SelectedTitle.swift */,
				D5435DFD20DB1D60005E0B06 /* XibView.swift */,
				D570773120DAB0AD008872E5 /* StatusView.swift */,
				D581B13220DAC38C00BE16E2 /* StatusView.xib */,
				D5C708B220D0553E001FD1C1 /* UIViewController+Alerts.h */,
				D5C708B320D0553F001FD1C1 /* UIViewController+Alerts.m */,
			);
			name = UI;
			path = CuddleDispatch;
			sourceTree = SOURCE_ROOT;
		};
		D5F242B620D1D7320023071B /* Model */ = {
			isa = PBXGroup;
			children = (
				D533E7CF20D82E720018F321 /* RequestStore.swift */,
				D5F242B720D1D7520023071B /* Request.swift */,
				D533E7CD20D8077E0018F321 /* DataSnapshot+ValueDict.swift */,
			);
			name = Model;
			sourceTree = "<group>";
		};
		F6AA6F42AE4BC375EE9783DE /* Frameworks */ = {
			isa = PBXGroup;
			children = (
				77037DBFB9D318FEF4EDC0B0 /* Pods_CuddleDispatch.framework */,
			);
			name = Frameworks;
			sourceTree = "<group>";
		};
/* End PBXGroup section */

/* Begin PBXNativeTarget section */
		D5435E0820DB7124005E0B06 /* CuddleDispatchTests */ = {
			isa = PBXNativeTarget;
			buildConfigurationList = D5435E1020DB7124005E0B06 /* Build configuration list for PBXNativeTarget "CuddleDispatchTests" */;
			buildPhases = (
				D5435E0520DB7124005E0B06 /* Sources */,
				D5435E0620DB7124005E0B06 /* Frameworks */,
				D5435E0720DB7124005E0B06 /* Resources */,
			);
			buildRules = (
			);
			dependencies = (
				D5435E0F20DB7124005E0B06 /* PBXTargetDependency */,
			);
			name = CuddleDispatchTests;
			productName = CuddleDispatchTests;
			productReference = D5435E0920DB7124005E0B06 /* CuddleDispatchTests.xctest */;
			productType = "com.apple.product-type.bundle.unit-test";
		};
		D5C7089620D03E56001FD1C1 /* CuddleDispatch */ = {
			isa = PBXNativeTarget;
			buildConfigurationList = D5C708A920D03E58001FD1C1 /* Build configuration list for PBXNativeTarget "CuddleDispatch" */;
			buildPhases = (
				7332A2A010A48FF9DA9321D5 /* [CP] Check Pods Manifest.lock */,
				D5C7089320D03E56001FD1C1 /* Sources */,
				D5C7089420D03E56001FD1C1 /* Frameworks */,
				D5C7089520D03E56001FD1C1 /* Resources */,
				A554ABC0218DFD1C85371CF5 /* [CP] Embed Pods Frameworks */,
				D54F830C20E17CFB00E2FEF9 /* ShellScript */,
			);
			buildRules = (
			);
			dependencies = (
			);
			name = CuddleDispatch;
			productName = CuddleDispatch;
			productReference = D5C7089720D03E56001FD1C1 /* CuddleDispatch.app */;
			productType = "com.apple.product-type.application";
		};
/* End PBXNativeTarget section */

/* Begin PBXProject section */
		D5C7088F20D03E56001FD1C1 /* Project object */ = {
			isa = PBXProject;
			attributes = {
				LastSwiftUpdateCheck = 0940;
				LastUpgradeCheck = 0940;
				ORGANIZATIONNAME = "Rainer Standke";
				TargetAttributes = {
					D5435E0820DB7124005E0B06 = {
						CreatedOnToolsVersion = 9.4.1;
					};
					D5C7089620D03E56001FD1C1 = {
						CreatedOnToolsVersion = 9.4;
						LastSwiftMigration = 0940;
					};
				};
			};
			buildConfigurationList = D5C7089220D03E56001FD1C1 /* Build configuration list for PBXProject "CuddleDispatch" */;
			compatibilityVersion = "Xcode 9.3";
			developmentRegion = en;
			hasScannedForEncodings = 0;
			knownRegions = (
				en,
				Base,
			);
			mainGroup = D5C7088E20D03E56001FD1C1;
			productRefGroup = D5C7089820D03E56001FD1C1 /* Products */;
			projectDirPath = "";
			projectRoot = "";
			targets = (
				D5C7089620D03E56001FD1C1 /* CuddleDispatch */,
				D5435E0820DB7124005E0B06 /* CuddleDispatchTests */,
			);
		};
/* End PBXProject section */

/* Begin PBXResourcesBuildPhase section */
		D5435E0720DB7124005E0B06 /* Resources */ = {
			isa = PBXResourcesBuildPhase;
			buildActionMask = 2147483647;
			files = (
			);
			runOnlyForDeploymentPostprocessing = 0;
		};
		D5C7089520D03E56001FD1C1 /* Resources */ = {
			isa = PBXResourcesBuildPhase;
			buildActionMask = 2147483647;
			files = (
				D5042F6F20D0621B007F0A5D /* Main.storyboard in Resources */,
				D5042F7020D0621B007F0A5D /* LaunchScreen.storyboard in Resources */,
				D581B13520DACAFD00BE16E2 /* StatusView.xib in Resources */,
				D58AB3D720DDCCC000A48296 /* Assets.xcassets in Resources */,
				D5C708AF20D046D4001FD1C1 /* GoogleService-Info.plist in Resources */,
			);
			runOnlyForDeploymentPostprocessing = 0;
		};
/* End PBXResourcesBuildPhase section */

/* Begin PBXShellScriptBuildPhase section */
		7332A2A010A48FF9DA9321D5 /* [CP] Check Pods Manifest.lock */ = {
			isa = PBXShellScriptBuildPhase;
			buildActionMask = 2147483647;
			files = (
			);
			inputPaths = (
				"${PODS_PODFILE_DIR_PATH}/Podfile.lock",
				"${PODS_ROOT}/Manifest.lock",
			);
			name = "[CP] Check Pods Manifest.lock";
			outputPaths = (
				"$(DERIVED_FILE_DIR)/Pods-CuddleDispatch-checkManifestLockResult.txt",
			);
			runOnlyForDeploymentPostprocessing = 0;
			shellPath = /bin/sh;
			shellScript = "diff \"${PODS_PODFILE_DIR_PATH}/Podfile.lock\" \"${PODS_ROOT}/Manifest.lock\" > /dev/null\nif [ $? != 0 ] ; then\n    # print error to STDERR\n    echo \"error: The sandbox is not in sync with the Podfile.lock. Run 'pod install' or update your CocoaPods installation.\" >&2\n    exit 1\nfi\n# This output is used by Xcode 'outputs' to avoid re-running this script phase.\necho \"SUCCESS\" > \"${SCRIPT_OUTPUT_FILE_0}\"\n";
			showEnvVarsInLog = 0;
		};
		A554ABC0218DFD1C85371CF5 /* [CP] Embed Pods Frameworks */ = {
			isa = PBXShellScriptBuildPhase;
			buildActionMask = 2147483647;
			files = (
			);
			inputPaths = (
				"${SRCROOT}/Pods/Target Support Files/Pods-CuddleDispatch/Pods-CuddleDispatch-frameworks.sh",
				"${BUILT_PRODUCTS_DIR}/GTMSessionFetcher/GTMSessionFetcher.framework",
				"${BUILT_PRODUCTS_DIR}/GoogleToolboxForMac/GoogleToolboxForMac.framework",
				"${BUILT_PRODUCTS_DIR}/leveldb-library/leveldb.framework",
				"${BUILT_PRODUCTS_DIR}/nanopb/nanopb.framework",
			);
			name = "[CP] Embed Pods Frameworks";
			outputPaths = (
				"${TARGET_BUILD_DIR}/${FRAMEWORKS_FOLDER_PATH}/GTMSessionFetcher.framework",
				"${TARGET_BUILD_DIR}/${FRAMEWORKS_FOLDER_PATH}/GoogleToolboxForMac.framework",
				"${TARGET_BUILD_DIR}/${FRAMEWORKS_FOLDER_PATH}/leveldb.framework",
				"${TARGET_BUILD_DIR}/${FRAMEWORKS_FOLDER_PATH}/nanopb.framework",
			);
			runOnlyForDeploymentPostprocessing = 0;
			shellPath = /bin/sh;
			shellScript = "\"${SRCROOT}/Pods/Target Support Files/Pods-CuddleDispatch/Pods-CuddleDispatch-frameworks.sh\"\n";
			showEnvVarsInLog = 0;
		};
		D54F830C20E17CFB00E2FEF9 /* ShellScript */ = {
			isa = PBXShellScriptBuildPhase;
			buildActionMask = 2147483647;
			files = (
			);
			inputPaths = (
			);
			outputPaths = (
			);
			runOnlyForDeploymentPostprocessing = 0;
			shellPath = /bin/sh;
			shellScript = "\"${PODS_ROOT}/Fabric/run\"  ";
		};
/* End PBXShellScriptBuildPhase section */

/* Begin PBXSourcesBuildPhase section */
		D5435E0520DB7124005E0B06 /* Sources */ = {
			isa = PBXSourcesBuildPhase;
			buildActionMask = 2147483647;
			files = (
				D5435E1520DB7272005E0B06 /* Calendar+NextTime.swift in Sources */,
				D5435E0C20DB7124005E0B06 /* CuddleDispatchTests.swift in Sources */,
			);
			runOnlyForDeploymentPostprocessing = 0;
		};
		D5C7089320D03E56001FD1C1 /* Sources */ = {
			isa = PBXSourcesBuildPhase;
			buildActionMask = 2147483647;
			files = (
				D571742E20D33541004590C2 /* SegmentedControl+SelectedTitle.swift in Sources */,
				D5C708B620D05569001FD1C1 /* SignInViewController.swift in Sources */,
				D533E7CC20D720AD0018F321 /* String+ISO8601Date.swift in Sources */,
				D5F242B820D1D7520023071B /* Request.swift in Sources */,
				D570773220DAB0AD008872E5 /* StatusView.swift in Sources */,
				D5435E0420DB6A7B005E0B06 /* Calendar+NextTime.swift in Sources */,
				D5435E1720DC2BEF005E0B06 /* CDGroupHeaderTableViewCell.swift in Sources */,
				D5042F7A20D09AC6007F0A5D /* CDAddEditRequestViewController.swift in Sources */,
				D533E7CE20D8077E0018F321 /* DataSnapshot+ValueDict.swift in Sources */,
				D533E7D020D82E720018F321 /* RequestStore.swift in Sources */,
				D5C708B420D0553F001FD1C1 /* UIViewController+Alerts.m in Sources */,
				D5042F7920D09AC6007F0A5D /* CDRequestsViewController.swift in Sources */,
				D5042F7220D0878A007F0A5D /* CDNavigationController.swift in Sources */,
				D5C7089B20D03E56001FD1C1 /* AppDelegate.swift in Sources */,
				D533E7CA20D437BE0018F321 /* CDRequestTableViewCell.swift in Sources */,
				D5435DFE20DB1D60005E0B06 /* XibView.swift in Sources */,
				D5F242B520D1CDB10023071B /* Constants.swift in Sources */,
			);
			runOnlyForDeploymentPostprocessing = 0;
		};
/* End PBXSourcesBuildPhase section */

/* Begin PBXTargetDependency section */
		D5435E0F20DB7124005E0B06 /* PBXTargetDependency */ = {
			isa = PBXTargetDependency;
			target = D5C7089620D03E56001FD1C1 /* CuddleDispatch */;
			targetProxy = D5435E0E20DB7124005E0B06 /* PBXContainerItemProxy */;
		};
/* End PBXTargetDependency section */

/* Begin PBXVariantGroup section */
		D5042F6B20D0621A007F0A5D /* Main.storyboard */ = {
			isa = PBXVariantGroup;
			children = (
				D5042F6C20D0621A007F0A5D /* Base */,
			);
			name = Main.storyboard;
			sourceTree = "<group>";
		};
		D5042F6D20D0621B007F0A5D /* LaunchScreen.storyboard */ = {
			isa = PBXVariantGroup;
			children = (
				D5042F6E20D0621B007F0A5D /* Base */,
			);
			name = LaunchScreen.storyboard;
			sourceTree = "<group>";
		};
/* End PBXVariantGroup section */

/* Begin XCBuildConfiguration section */
		D5435E1120DB7124005E0B06 /* Debug */ = {
			isa = XCBuildConfiguration;
			buildSettings = {
				CODE_SIGN_STYLE = Automatic;
				DEVELOPMENT_TEAM = GBPX9EPXRH;
				INFOPLIST_FILE = CuddleDispatchTests/Info.plist;
				LD_RUNPATH_SEARCH_PATHS = (
					"$(inherited)",
					"@executable_path/Frameworks",
					"@loader_path/Frameworks",
				);
				PRODUCT_BUNDLE_IDENTIFIER = biz.xmil.CuddleDispatchTests;
				PRODUCT_NAME = "$(TARGET_NAME)";
				SWIFT_VERSION = 4.0;
				TARGETED_DEVICE_FAMILY = "1,2";
			};
			name = Debug;
		};
		D5435E1220DB7124005E0B06 /* Release */ = {
			isa = XCBuildConfiguration;
			buildSettings = {
				CODE_SIGN_STYLE = Automatic;
				DEVELOPMENT_TEAM = GBPX9EPXRH;
				INFOPLIST_FILE = CuddleDispatchTests/Info.plist;
				LD_RUNPATH_SEARCH_PATHS = (
					"$(inherited)",
					"@executable_path/Frameworks",
					"@loader_path/Frameworks",
				);
				PRODUCT_BUNDLE_IDENTIFIER = biz.xmil.CuddleDispatchTests;
				PRODUCT_NAME = "$(TARGET_NAME)";
				SWIFT_VERSION = 4.0;
				TARGETED_DEVICE_FAMILY = "1,2";
			};
			name = Release;
		};
		D5C708A720D03E58001FD1C1 /* Debug */ = {
			isa = XCBuildConfiguration;
			buildSettings = {
				ALWAYS_SEARCH_USER_PATHS = NO;
				CLANG_ANALYZER_NONNULL = YES;
				CLANG_ANALYZER_NUMBER_OBJECT_CONVERSION = YES_AGGRESSIVE;
				CLANG_CXX_LANGUAGE_STANDARD = "gnu++14";
				CLANG_CXX_LIBRARY = "libc++";
				CLANG_ENABLE_MODULES = YES;
				CLANG_ENABLE_OBJC_ARC = YES;
				CLANG_ENABLE_OBJC_WEAK = YES;
				CLANG_WARN_BLOCK_CAPTURE_AUTORELEASING = YES;
				CLANG_WARN_BOOL_CONVERSION = YES;
				CLANG_WARN_COMMA = YES;
				CLANG_WARN_CONSTANT_CONVERSION = YES;
				CLANG_WARN_DEPRECATED_OBJC_IMPLEMENTATIONS = YES;
				CLANG_WARN_DIRECT_OBJC_ISA_USAGE = YES_ERROR;
				CLANG_WARN_DOCUMENTATION_COMMENTS = YES;
				CLANG_WARN_EMPTY_BODY = YES;
				CLANG_WARN_ENUM_CONVERSION = YES;
				CLANG_WARN_INFINITE_RECURSION = YES;
				CLANG_WARN_INT_CONVERSION = YES;
				CLANG_WARN_NON_LITERAL_NULL_CONVERSION = YES;
				CLANG_WARN_OBJC_IMPLICIT_RETAIN_SELF = YES;
				CLANG_WARN_OBJC_LITERAL_CONVERSION = YES;
				CLANG_WARN_OBJC_ROOT_CLASS = YES_ERROR;
				CLANG_WARN_RANGE_LOOP_ANALYSIS = YES;
				CLANG_WARN_STRICT_PROTOTYPES = YES;
				CLANG_WARN_SUSPICIOUS_MOVE = YES;
				CLANG_WARN_UNGUARDED_AVAILABILITY = YES_AGGRESSIVE;
				CLANG_WARN_UNREACHABLE_CODE = YES;
				CLANG_WARN__DUPLICATE_METHOD_MATCH = YES;
				CODE_SIGN_IDENTITY = "iPhone Developer";
				COPY_PHASE_STRIP = NO;
				DEBUG_INFORMATION_FORMAT = "dwarf-with-dsym";
				ENABLE_STRICT_OBJC_MSGSEND = YES;
				ENABLE_TESTABILITY = YES;
				GCC_C_LANGUAGE_STANDARD = gnu11;
				GCC_DYNAMIC_NO_PIC = NO;
				GCC_NO_COMMON_BLOCKS = YES;
				GCC_OPTIMIZATION_LEVEL = 0;
				GCC_PREPROCESSOR_DEFINITIONS = (
					"DEBUG=1",
					"$(inherited)",
				);
				GCC_WARN_64_TO_32_BIT_CONVERSION = YES;
				GCC_WARN_ABOUT_RETURN_TYPE = YES_ERROR;
				GCC_WARN_UNDECLARED_SELECTOR = YES;
				GCC_WARN_UNINITIALIZED_AUTOS = YES_AGGRESSIVE;
				GCC_WARN_UNUSED_FUNCTION = YES;
				GCC_WARN_UNUSED_VARIABLE = YES;
				IPHONEOS_DEPLOYMENT_TARGET = 8.0;
				MTL_ENABLE_DEBUG_INFO = YES;
				ONLY_ACTIVE_ARCH = YES;
				SDKROOT = iphoneos;
				SWIFT_ACTIVE_COMPILATION_CONDITIONS = DEBUG;
				SWIFT_OPTIMIZATION_LEVEL = "-Onone";
			};
			name = Debug;
		};
		D5C708A820D03E58001FD1C1 /* Release */ = {
			isa = XCBuildConfiguration;
			buildSettings = {
				ALWAYS_SEARCH_USER_PATHS = NO;
				CLANG_ANALYZER_NONNULL = YES;
				CLANG_ANALYZER_NUMBER_OBJECT_CONVERSION = YES_AGGRESSIVE;
				CLANG_CXX_LANGUAGE_STANDARD = "gnu++14";
				CLANG_CXX_LIBRARY = "libc++";
				CLANG_ENABLE_MODULES = YES;
				CLANG_ENABLE_OBJC_ARC = YES;
				CLANG_ENABLE_OBJC_WEAK = YES;
				CLANG_WARN_BLOCK_CAPTURE_AUTORELEASING = YES;
				CLANG_WARN_BOOL_CONVERSION = YES;
				CLANG_WARN_COMMA = YES;
				CLANG_WARN_CONSTANT_CONVERSION = YES;
				CLANG_WARN_DEPRECATED_OBJC_IMPLEMENTATIONS = YES;
				CLANG_WARN_DIRECT_OBJC_ISA_USAGE = YES_ERROR;
				CLANG_WARN_DOCUMENTATION_COMMENTS = YES;
				CLANG_WARN_EMPTY_BODY = YES;
				CLANG_WARN_ENUM_CONVERSION = YES;
				CLANG_WARN_INFINITE_RECURSION = YES;
				CLANG_WARN_INT_CONVERSION = YES;
				CLANG_WARN_NON_LITERAL_NULL_CONVERSION = YES;
				CLANG_WARN_OBJC_IMPLICIT_RETAIN_SELF = YES;
				CLANG_WARN_OBJC_LITERAL_CONVERSION = YES;
				CLANG_WARN_OBJC_ROOT_CLASS = YES_ERROR;
				CLANG_WARN_RANGE_LOOP_ANALYSIS = YES;
				CLANG_WARN_STRICT_PROTOTYPES = YES;
				CLANG_WARN_SUSPICIOUS_MOVE = YES;
				CLANG_WARN_UNGUARDED_AVAILABILITY = YES_AGGRESSIVE;
				CLANG_WARN_UNREACHABLE_CODE = YES;
				CLANG_WARN__DUPLICATE_METHOD_MATCH = YES;
				CODE_SIGN_IDENTITY = "iPhone Developer";
				COPY_PHASE_STRIP = NO;
				DEBUG_INFORMATION_FORMAT = "dwarf-with-dsym";
				ENABLE_NS_ASSERTIONS = NO;
				ENABLE_STRICT_OBJC_MSGSEND = YES;
				GCC_C_LANGUAGE_STANDARD = gnu11;
				GCC_NO_COMMON_BLOCKS = YES;
				GCC_WARN_64_TO_32_BIT_CONVERSION = YES;
				GCC_WARN_ABOUT_RETURN_TYPE = YES_ERROR;
				GCC_WARN_UNDECLARED_SELECTOR = YES;
				GCC_WARN_UNINITIALIZED_AUTOS = YES_AGGRESSIVE;
				GCC_WARN_UNUSED_FUNCTION = YES;
				GCC_WARN_UNUSED_VARIABLE = YES;
				IPHONEOS_DEPLOYMENT_TARGET = 8.0;
				MTL_ENABLE_DEBUG_INFO = NO;
				SDKROOT = iphoneos;
				SWIFT_COMPILATION_MODE = wholemodule;
				SWIFT_OPTIMIZATION_LEVEL = "-O";
				VALIDATE_PRODUCT = YES;
			};
			name = Release;
		};
		D5C708AA20D03E58001FD1C1 /* Debug */ = {
			isa = XCBuildConfiguration;
			baseConfigurationReference = 4465331DA3122A4569A67A70 /* Pods-CuddleDispatch.debug.xcconfig */;
			buildSettings = {
				ASSETCATALOG_COMPILER_APPICON_NAME = AppIcon;
				CLANG_ENABLE_MODULES = YES;
				CODE_SIGN_STYLE = Automatic;
				DEVELOPMENT_TEAM = GBPX9EPXRH;
				INFOPLIST_FILE = CuddleDispatch/Info.plist;
				IPHONEOS_DEPLOYMENT_TARGET = 11.0;
				LD_RUNPATH_SEARCH_PATHS = (
					"$(inherited)",
					"@executable_path/Frameworks",
				);
				PRODUCT_BUNDLE_IDENTIFIER = biz.xmil.CuddleDispatch;
				PRODUCT_NAME = "$(TARGET_NAME)";
				SWIFT_OBJC_BRIDGING_HEADER = "CuddleDispatch/CuddleDispatch-Bridging-Header.h";
				SWIFT_OPTIMIZATION_LEVEL = "-Onone";
				SWIFT_VERSION = 4.0;
				TARGETED_DEVICE_FAMILY = 1;
			};
			name = Debug;
		};
		D5C708AB20D03E58001FD1C1 /* Release */ = {
			isa = XCBuildConfiguration;
			baseConfigurationReference = 3B532F7E00115AA2C03B3C3C /* Pods-CuddleDispatch.release.xcconfig */;
			buildSettings = {
				ASSETCATALOG_COMPILER_APPICON_NAME = AppIcon;
				CLANG_ENABLE_MODULES = YES;
				CODE_SIGN_STYLE = Automatic;
				DEVELOPMENT_TEAM = GBPX9EPXRH;
				INFOPLIST_FILE = CuddleDispatch/Info.plist;
				IPHONEOS_DEPLOYMENT_TARGET = 11.0;
				LD_RUNPATH_SEARCH_PATHS = (
					"$(inherited)",
					"@executable_path/Frameworks",
				);
				PRODUCT_BUNDLE_IDENTIFIER = biz.xmil.CuddleDispatch;
				PRODUCT_NAME = "$(TARGET_NAME)";
				SWIFT_OBJC_BRIDGING_HEADER = "CuddleDispatch/CuddleDispatch-Bridging-Header.h";
				SWIFT_VERSION = 4.0;
				TARGETED_DEVICE_FAMILY = 1;
			};
			name = Release;
		};
/* End XCBuildConfiguration section */

/* Begin XCConfigurationList section */
		D5435E1020DB7124005E0B06 /* Build configuration list for PBXNativeTarget "CuddleDispatchTests" */ = {
			isa = XCConfigurationList;
			buildConfigurations = (
				D5435E1120DB7124005E0B06 /* Debug */,
				D5435E1220DB7124005E0B06 /* Release */,
			);
			defaultConfigurationIsVisible = 0;
			defaultConfigurationName = Release;
		};
		D5C7089220D03E56001FD1C1 /* Build configuration list for PBXProject "CuddleDispatch" */ = {
			isa = XCConfigurationList;
			buildConfigurations = (
				D5C708A720D03E58001FD1C1 /* Debug */,
				D5C708A820D03E58001FD1C1 /* Release */,
			);
			defaultConfigurationIsVisible = 0;
			defaultConfigurationName = Release;
		};
		D5C708A920D03E58001FD1C1 /* Build configuration list for PBXNativeTarget "CuddleDispatch" */ = {
			isa = XCConfigurationList;
			buildConfigurations = (
				D5C708AA20D03E58001FD1C1 /* Debug */,
				D5C708AB20D03E58001FD1C1 /* Release */,
			);
			defaultConfigurationIsVisible = 0;
			defaultConfigurationName = Release;
		};
/* End XCConfigurationList section */
	};
	rootObject = D5C7088F20D03E56001FD1C1 /* Project object */;
}
